schema: '2.0'
stages:
  data_ingestion:
    cmd: python src/components/data_ingestion.py
    deps:
    - path: src/components/data_ingestion.py
      hash: md5
      md5: fd46490f6064d5558b862f480e6cc5f5
      size: 2842
    params:
      params.yaml:
        data_ingestion.test_size: 0.3
    outs:
    - path: data/raw
      hash: md5
      md5: 506021b2951b5a642d0d50e6e224e825.dir
      size: 484846
      nfiles: 2
  data_preprocessing:
    cmd: python src/components/data_preprocessing.py
    deps:
    - path: data/raw
      hash: md5
      md5: 506021b2951b5a642d0d50e6e224e825.dir
      size: 484846
      nfiles: 2
    - path: src/components/data_preprocessing.py
      hash: md5
      md5: 1d4db61ac572c4f5d64688d29aab547e
      size: 2445
    outs:
    - path: data/preprocess
      hash: md5
      md5: 2c00788ad58a3d04f8dcfa7e11f1c08b.dir
      size: 288638
      nfiles: 2
  feature_engineering:
    cmd: python src/components/feature_engineering.py
    deps:
    - path: data/preprocess
      hash: md5
      md5: 2c00788ad58a3d04f8dcfa7e11f1c08b.dir
      size: 288638
      nfiles: 2
    - path: src/components/feature_engineering.py
      hash: md5
      md5: f6505a5396149df65fc1c3793d88164a
      size: 3014
    params:
      params.yaml:
        feature_engineering.max_features: 50
    outs:
    - path: data/processed_final
      hash: md5
      md5: 69e78ee3fc9d9ff8a6d4135fefdc59f2.dir
      size: 1190411
      nfiles: 2
  model_building:
    cmd: python src/components/model_building.py
    deps:
    - path: data/processed_final
      hash: md5
      md5: 69e78ee3fc9d9ff8a6d4135fefdc59f2.dir
      size: 1190411
      nfiles: 2
    - path: src/components/model_building.py
      hash: md5
      md5: 3c5d188ae4df7b631551da65488ed002
      size: 2671
    params:
      params.yaml:
        model_building.n_estimators: 30
        model_building.random_state: 3
    outs:
    - path: models/model.pkl
      hash: md5
      md5: b970662d6c3b422af7019def942a808c
      size: 1142177
  model_evaluation:
    cmd: python src/components/model_evaluation.py
    deps:
    - path: models/model.pkl
      hash: md5
      md5: b970662d6c3b422af7019def942a808c
      size: 1142177
    - path: src/components/model_evaluation.py
      hash: md5
      md5: 45e4d1aef35bf9a7b1a2edd66e52e489
      size: 3620
    outs:
    - path: reports/metrics.json
      hash: md5
      md5: 6cbd541677cba9b3a2a3296931ddc722
      size: 145
